{

  "name": "@project-sunbird/sunbird-player-sdk-v8",
  "version": "3.6.0",
  "lockfileVersion": 1,
  "requires": true,
  "dependencies": {
    "@project-sunbird/sb-styles": {
      "version": "0.0.7",
      "resolved": "https://registry.npmjs.org/@project-sunbird/sb-styles/-/sb-styles-0.0.7.tgz",
      "integrity": "sha512-XirxDLdQnaKJC+tFh4IAD05ULHS7DE9ZkNsPRHglWzly8erTXe6M1DAL+XWKYVFLf+GK9U6HVKlvvxIUpRCiVw==",
      "dev": true
    }
  }
}
